// !$*UTF8*$!
{
	archiveVersion = 1;
	classes = {
	};
	objectVersion = 46;
	objects = {

/* Begin PBXBuildFile section */
		972E0E6619ED5A2D003A39C6 /* main.m in Sources */ = {isa = PBXBuildFile; fileRef = 972E0E6519ED5A2D003A39C6 /* main.m */; };
		972E0E6919ED5A2D003A39C6 /* AppDelegate.m in Sources */ = {isa = PBXBuildFile; fileRef = 972E0E6819ED5A2D003A39C6 /* AppDelegate.m */; };
		972E0E7119ED5A2D003A39C6 /* Images.xcassets in Resources */ = {isa = PBXBuildFile; fileRef = 972E0E7019ED5A2D003A39C6 /* Images.xcassets */; };
		972E0E7D19ED5A2D003A39C6 /* HelloWorld4Tests.m in Sources */ = {isa = PBXBuildFile; fileRef = 972E0E7C19ED5A2D003A39C6 /* HelloWorld4Tests.m */; };
		97A1B73B19F00DEB00123723 /* ViewController1.m in Sources */ = {isa = PBXBuildFile; fileRef = 97A1B73A19F00DEB00123723 /* ViewController1.m */; };
		97A1B73E19F00DF600123723 /* ViewController2.m in Sources */ = {isa = PBXBuildFile; fileRef = 97A1B73D19F00DF600123723 /* ViewController2.m */; };
/* End PBXBuildFile section */

/* Begin PBXContainerItemProxy section */
		972E0E7719ED5A2D003A39C6 /* PBXContainerItemProxy */ = {
			isa = PBXContainerItemProxy;
			containerPortal = 972E0E5819ED5A2D003A39C6 /* Project object */;
			proxyType = 1;
			remoteGlobalIDString = 972E0E5F19ED5A2D003A39C6;
			remoteInfo = HelloWorld4;
		};
/* End PBXContainerItemProxy section */

/* Begin PBXFileReference section */
		972E0E6019ED5A2D003A39C6 /* HelloWorld4.app */ = {isa = PBXFileReference; explicitFileType = wrapper.application; includeInIndex = 0; path = HelloWorld4.app; sourceTree = BUILT_PRODUCTS_DIR; };
		972E0E6419ED5A2D003A39C6 /* Info.plist */ = {isa = PBXFileReference; lastKnownFileType = text.plist.xml; path = Info.plist; sourceTree = "<group>"; };
		972E0E6519ED5A2D003A39C6 /* main.m */ = {isa = PBXFileReference; lastKnownFileType = sourcecode.c.objc; path = main.m; sourceTree = "<group>"; };
		972E0E6719ED5A2D003A39C6 /* AppDelegate.h */ = {isa = PBXFileReference; lastKnownFileType = sourcecode.c.h; path = AppDelegate.h; sourceTree = "<group>"; };
		972E0E6819ED5A2D003A39C6 /* AppDelegate.m */ = {isa = PBXFileReference; lastKnownFileType = sourcecode.c.objc; path = AppDelegate.m; sourceTree = "<group>"; };
		972E0E7019ED5A2D003A39C6 /* Images.xcassets */ = {isa = PBXFileReference; lastKnownFileType = folder.assetcatalog; path = Images.xcassets; sourceTree = "<group>"; };
		972E0E7619ED5A2D003A39C6 /* HelloWorld4Tests.xctest */ = {isa = PBXFileReference; explicitFileType = wrapper.cfbundle; includeInIndex = 0; path = HelloWorld4Tests.xctest; sourceTree = BUILT_PRODUCTS_DIR; };
		972E0E7B19ED5A2D003A39C6 /* Info.plist */ = {isa = PBXFileReference; lastKnownFileType = text.plist.xml; path = Info.plist; sourceTree = "<group>"; };
		972E0E7C19ED5A2D003A39C6 /* HelloWorld4Tests.m */ = {isa = PBXFileReference; lastKnownFileType = sourcecode.c.objc; path = HelloWorld4Tests.m; sourceTree = "<group>"; };
		97A1B73919F00DEB00123723 /* ViewController1.h */ = {isa = PBXFileReference; fileEncoding = 4; lastKnownFileType = sourcecode.c.h; path = ViewController1.h; sourceTree = "<group>"; };
		97A1B73A19F00DEB00123723 /* ViewController1.m */ = {isa = PBXFileReference; fileEncoding = 4; lastKnownFileType = sourcecode.c.objc; path = ViewController1.m; sourceTree = "<group>"; };
		97A1B73C19F00DF600123723 /* ViewController2.h */ = {isa = PBXFileReference; fileEncoding = 4; lastKnownFileType = sourcecode.c.h; path = ViewController2.h; sourceTree = "<group>"; };
		97A1B73D19F00DF600123723 /* ViewController2.m */ = {isa = PBXFileReference; fileEncoding = 4; lastKnownFileType = sourcecode.c.objc; path = ViewController2.m; sourceTree = "<group>"; };
/* End PBXFileReference section */

/* Begin PBXFrameworksBuildPhase section */
		972E0E5D19ED5A2D003A39C6 /* Frameworks */ = {
			isa = PBXFrameworksBuildPhase;
			buildActionMask = 2147483647;
			files = (
			);
			runOnlyForDeploymentPostprocessing = 0;
		};
		972E0E7319ED5A2D003A39C6 /* Frameworks */ = {
			isa = PBXFrameworksBuildPhase;
			buildActionMask = 2147483647;
			files = (
			);
			runOnlyForDeploymentPostprocessing = 0;
		};
/* End PBXFrameworksBuildPhase section */

/* Begin PBXGroup section */
		972E0E5719ED5A2D003A39C6 = {
			isa = PBXGroup;
			children = (
				972E0E6219ED5A2D003A39C6 /* HelloWorld4 */,
				972E0E7919ED5A2D003A39C6 /* HelloWorld4Tests */,
				972E0E6119ED5A2D003A39C6 /* Products */,
			);
			sourceTree = "<group>";
		};
		972E0E6119ED5A2D003A39C6 /* Products */ = {
			isa = PBXGroup;
			children = (
				972E0E6019ED5A2D003A39C6 /* HelloWorld4.app */,
				972E0E7619ED5A2D003A39C6 /* HelloWorld4Tests.xctest */,
			);
			name = Products;
			sourceTree = "<group>";
		};
		972E0E6219ED5A2D003A39C6 /* HelloWorld4 */ = {
			isa = PBXGroup;
			children = (
				972E0E6719ED5A2D003A39C6 /* AppDelegate.h */,
				972E0E6819ED5A2D003A39C6 /* AppDelegate.m */,
				972E0E7019ED5A2D003A39C6 /* Images.xcassets */,
				972E0E6319ED5A2D003A39C6 /* Supporting Files */,
				97A1B73919F00DEB00123723 /* ViewController1.h */,
				97A1B73A19F00DEB00123723 /* ViewController1.m */,
				97A1B73C19F00DF600123723 /* ViewController2.h */,
				97A1B73D19F00DF600123723 /* ViewController2.m */,
			);
			path = HelloWorld4;
			sourceTree = "<group>";
		};
		972E0E6319ED5A2D003A39C6 /* Supporting Files */ = {
			isa = PBXGroup;
			children = (
				972E0E6419ED5A2D003A39C6 /* Info.plist */,
				972E0E6519ED5A2D003A39C6 /* main.m */,
			);
			name = "Supporting Files";
			sourceTree = "<group>";
		};
		972E0E7919ED5A2D003A39C6 /* HelloWorld4Tests */ = {
			isa = PBXGroup;
			children = (
				972E0E7C19ED5A2D003A39C6 /* HelloWorld4Tests.m */,
				972E0E7A19ED5A2D003A39C6 /* Supporting Files */,
			);
			path = HelloWorld4Tests;
			sourceTree = "<group>";
		};
		972E0E7A19ED5A2D003A39C6 /* Supporting Files */ = {
			isa = PBXGroup;
			children = (
				972E0E7B19ED5A2D003A39C6 /* Info.plist */,
			);
			name = "Supporting Files";
			sourceTree = "<group>";
		};
/* End PBXGroup section */

/* Begin PBXNativeTarget section */
		972E0E5F19ED5A2D003A39C6 /* HelloWorld4 */ = {
			isa = PBXNativeTarget;
			buildConfigurationList = 972E0E8019ED5A2D003A39C6 /* Build configuration list for PBXNativeTarget "HelloWorld4" */;
			buildPhases = (
				972E0E5C19ED5A2D003A39C6 /* Sources */,
				972E0E5D19ED5A2D003A39C6 /* Frameworks */,
				972E0E5E19ED5A2D003A39C6 /* Resources */,
			);
			buildRules = (
			);
			dependencies = (
			);
			name = HelloWorld4;
			productName = HelloWorld4;
			productReference = 972E0E6019ED5A2D003A39C6 /* HelloWorld4.app */;
			productType = "com.apple.product-type.application";
		};
		972E0E7519ED5A2D003A39C6 /* HelloWorld4Tests */ = {
			isa = PBXNativeTarget;
			buildConfigurationList = 972E0E8319ED5A2D003A39C6 /* Build configuration list for PBXNativeTarget "HelloWorld4Tests" */;
			buildPhases = (
				972E0E7219ED5A2D003A39C6 /* Sources */,
				972E0E7319ED5A2D003A39C6 /* Frameworks */,
				972E0E7419ED5A2D003A39C6 /* Resources */,
			);
			buildRules = (
			);
			dependencies = (
				972E0E7819ED5A2D003A39C6 /* PBXTargetDependency */,
			);
			name = HelloWorld4Tests;
			productName = HelloWorld4Tests;
			productReference = 972E0E7619ED5A2D003A39C6 /* HelloWorld4Tests.xctest */;
			productType = "com.apple.product-type.bundle.unit-test";
		};
/* End PBXNativeTarget section */

/* Begin PBXProject section */
		972E0E5819ED5A2D003A39C6 /* Project object */ = {
			isa = PBXProject;
			attributes = {
				LastUpgradeCheck = 0600;
				ORGANIZATIONNAME = jomakson;
				TargetAttributes = {
					972E0E5F19ED5A2D003A39C6 = {
						CreatedOnToolsVersion = 6.0;
						DevelopmentTeam = PXD3Y3G44R;
					};
					972E0E7519ED5A2D003A39C6 = {
						CreatedOnToolsVersion = 6.0;
						TestTargetID = 972E0E5F19ED5A2D003A39C6;
					};
				};
			};
			buildConfigurationList = 972E0E5B19ED5A2D003A39C6 /* Build configuration list for PBXProject "HelloWorld4" */;
			compatibilityVersion = "Xcode 3.2";
			developmentRegion = English;
			hasScannedForEncodings = 0;
			knownRegions = (
				en,
				Base,
			);
			mainGroup = 972E0E5719ED5A2D003A39C6;
			productRefGroup = 972E0E6119ED5A2D003A39C6 /* Products */;
			projectDirPath = "";
			projectRoot = "";
			targets = (
				972E0E5F19ED5A2D003A39C6 /* HelloWorld4 */,
				972E0E7519ED5A2D003A39C6 /* HelloWorld4Tests */,
			);
		};
/* End PBXProject section */

/* Begin PBXResourcesBuildPhase section */
		972E0E5E19ED5A2D003A39C6 /* Resources */ = {
			isa = PBXResourcesBuildPhase;
			buildActionMask = 2147483647;
			files = (
				972E0E7119ED5A2D003A39C6 /* Images.xcassets in Resources */,
			);
			runOnlyForDeploymentPostprocessing = 0;
		};
		972E0E7419ED5A2D003A39C6 /* Resources */ = {
			isa = PBXResourcesBuildPhase;
			buildActionMask = 2147483647;
			files = (
			);
			runOnlyForDeploymentPostprocessing = 0;
		};
/* End PBXResourcesBuildPhase section */

/* Begin PBXSourcesBuildPhase section */
		972E0E5C19ED5A2D003A39C6 /* Sources */ = {
			isa = PBXSourcesBuildPhase;
			buildActionMask = 2147483647;
			files = (
				972E0E6919ED5A2D003A39C6 /* AppDelegate.m in Sources */,
				97A1B73E19F00DF600123723 /* ViewController2.m in Sources */,
				972E0E6619ED5A2D003A39C6 /* main.m in Sources */,
				97A1B73B19F00DEB00123723 /* ViewController1.m in Sources */,
			);
			runOnlyForDeploymentPostprocessing = 0;
		};
		972E0E7219ED5A2D003A39C6 /* Sources */ = {
			isa = PBXSourcesBuildPhase;
			buildActionMask = 2147483647;
			files = (
				972E0E7D19ED5A2D003A39C6 /* HelloWorld4Tests.m in Sources */,
			);
			runOnlyForDeploymentPostprocessing = 0;
		};
/* End PBXSourcesBuildPhase section */

/* Begin PBXTargetDependency section */
		972E0E7819ED5A2D003A39C6 /* PBXTargetDependency */ = {
			isa = PBXTargetDependency;
			target = 972E0E5F19ED5A2D003A39C6 /* HelloWorld4 */;
			targetProxy = 972E0E7719ED5A2D003A39C6 /* PBXContainerItemProxy */;
		};
/* End PBXTargetDependency section */

/* Begin XCBuildConfiguration section */
		972E0E7E19ED5A2D003A39C6 /* Debug */ = {
			isa = XCBuildConfiguration;
			buildSettings = {
				ALWAYS_SEARCH_USER_PATHS = NO;
				CLANG_CXX_LANGUAGE_STANDARD = "gnu++0x";
				CLANG_CXX_LIBRARY = "libc++";
				CLANG_ENABLE_MODULES = YES;
				CLANG_ENABLE_OBJC_ARC = NO;
				CLANG_WARN_BOOL_CONVERSION = YES;
				CLANG_WARN_CONSTANT_CONVERSION = YES;
				CLANG_WARN_DIRECT_OBJC_ISA_USAGE = YES_ERROR;
				CLANG_WARN_EMPTY_BODY = YES;
				CLANG_WARN_ENUM_CONVERSION = YES;
				CLANG_WARN_INT_CONVERSION = YES;
				CLANG_WARN_OBJC_ROOT_CLASS = YES_ERROR;
				CLANG_WARN_UNREACHABLE_CODE = YES;
				CLANG_WARN__DUPLICATE_METHOD_MATCH = YES;
				"CODE_SIGN_IDENTITY[sdk=iphoneos*]" = "iPhone Developer";
				COPY_PHASE_STRIP = NO;
				ENABLE_STRICT_OBJC_MSGSEND = YES;
				GCC_C_LANGUAGE_STANDARD = gnu99;
				GCC_DYNAMIC_NO_PIC = NO;
				GCC_OPTIMIZATION_LEVEL = 0;
				GCC_PREPROCESSOR_DEFINITIONS = (
					"DEBUG=1",
					"$(inherited)",
				);
				GCC_SYMBOLS_PRIVATE_EXTERN = NO;
				GCC_WARN_64_TO_32_BIT_CONVERSION = YES;
				GCC_WARN_ABOUT_RETURN_TYPE = YES_ERROR;
				GCC_WARN_UNDECLARED_SELECTOR = YES;
				GCC_WARN_UNINITIALIZED_AUTOS = YES_AGGRESSIVE;
				GCC_WARN_UNUSED_FUNCTION = YES;
				GCC_WARN_UNUSED_VARIABLE = YES;
				IPHONEOS_DEPLOYMENT_TARGET = 8.0;
				MTL_ENABLE_DEBUG_INFO = YES;
				ONLY_ACTIVE_ARCH = YES;
				SDKROOT = iphoneos;
			};
			name = Debug;
		};
		972E0E7F19ED5A2D003A39C6 /* Release */ = {
			isa = XCBuildConfiguration;
			buildSettings = {
				ALWAYS_SEARCH_USER_PATHS = NO;
				CLANG_CXX_LANGUAGE_STANDARD = "gnu++0x";
				CLANG_CXX_LIBRARY = "libc++";
				CLANG_ENABLE_MODULES = YES;
				CLANG_ENABLE_OBJC_ARC = NO;
				CLANG_WARN_BOOL_CONVERSION = YES;
				CLANG_WARN_CONSTANT_CONVERSION = YES;
				CLANG_WARN_DIRECT_OBJC_ISA_USAGE = YES_ERROR;
				CLANG_WARN_EMPTY_BODY = YES;
				CLANG_WARN_ENUM_CONVERSION = YES;
				CLANG_WARN_INT_CONVERSION = YES;
				CLANG_WARN_OBJC_ROOT_CLASS = YES_ERROR;
				CLANG_WARN_UNREACHABLE_CODE = YES;
				CLANG_WARN__DUPLICATE_METHOD_MATCH = YES;
				"CODE_SIGN_IDENTITY[sdk=iphoneos*]" = "iPhone Developer";
				COPY_PHASE_STRIP = YES;
				ENABLE_NS_ASSERTIONS = NO;
				ENABLE_STRICT_OBJC_MSGSEND = YES;
				GCC_C_LANGUAGE_STANDARD = gnu99;
				GCC_WARN_64_TO_32_BIT_CONVERSION = YES;
				GCC_WARN_ABOUT_RETURN_TYPE = YES_ERROR;
				GCC_WARN_UNDECLARED_SELECTOR = YES;
				GCC_WARN_UNINITIALIZED_AUTOS = YES_AGGRESSIVE;
				GCC_WARN_UNUSED_FUNCTION = YES;
				GCC_WARN_UNUSED_VARIABLE = YES;
				IPHONEOS_DEPLOYMENT_TARGET = 8.0;
				MTL_ENABLE_DEBUG_INFO = NO;
				SDKROOT = iphoneos;
				VALIDATE_PRODUCT = YES;
			};
			name = Release;
		};
		972E0E8119ED5A2D003A39C6 /* Debug */ = {
			isa = XCBuildConfiguration;
			buildSettings = {
				ASSETCATALOG_COMPILER_APPICON_NAME = AppIcon;
				ASSETCATALOG_COMPILER_LAUNCHIMAGE_NAME = LaunchImage;
				CODE_SIGN_IDENTITY = "iPhone Developer";
				INFOPLIST_FILE = HelloWorld4/Info.plist;
				IPHONEOS_DEPLOYMENT_TARGET = 6.1;
				LD_RUNPATH_SEARCH_PATHS = "$(inherited) @executable_path/Frameworks";
				PRODUCT_NAME = "$(TARGET_NAME)";
				TARGETED_DEVICE_FAMILY = 1;
			};
			name = Debug;
		};
		972E0E8219ED5A2D003A39C6 /* Release */ = {
			isa = XCBuildConfiguration;
			buildSettings = {
				ASSETCATALOG_COMPILER_APPICON_NAME = AppIcon;
				ASSETCATALOG_COMPILER_LAUNCHIMAGE_NAME = LaunchImage;
				CODE_SIGN_IDENTITY = "iPhone Developer";
				INFOPLIST_FILE = HelloWorld4/Info.plist;
				IPHONEOS_DEPLOYMENT_TARGET = 6.1;
				LD_RUNPATH_SEARCH_PATHS = "$(inherited) @executable_path/Frameworks";
				PRODUCT_NAME = "$(TARGET_NAME)";
				TARGETED_DEVICE_FAMILY = 1;
			};
			name = Release;
		};
		972E0E8419ED5A2D003A39C6 /* Debug */ = {
			isa = XCBuildConfiguration;
			buildSettings = {
				BUNDLE_LOADER = "$(TEST_HOST)";
				FRAMEWORK_SEARCH_PATHS = (
					"$(SDKROOT)/Developer/Library/Frameworks",
					"$(inherited)",
				);
				GCC_PREPROCESSOR_DEFINITIONS = (
					"DEBUG=1",
					"$(inherited)",
				);
				INFOPLIST_FILE = HelloWorld4Tests/Info.plist;
				LD_RUNPATH_SEARCH_PATHS = "$(inherited) @executable_path/Frameworks @loader_path/Frameworks";
				PRODUCT_NAME = "$(TARGET_NAME)";
				TEST_HOST = "$(BUILT_PRODUCTS_DIR)/HelloWorld4.app/HelloWorld4";
			};
			name = Debug;
		};
		972E0E8519ED5A2D003A39C6 /* Release */ = {
			isa = XCBuildConfiguration;
			buildSettings = {
				BUNDLE_LOADER = "$(TEST_HOST)";
				FRAMEWORK_SEARCH_PATHS = (
					"$(SDKROOT)/Developer/Library/Frameworks",
					"$(inherited)",
				);
				INFOPLIST_FILE = HelloWorld4Tests/Info.plist;
				LD_RUNPATH_SEARCH_PATHS = "$(inherited) @executable_path/Frameworks @loader_path/Frameworks";
				PRODUCT_NAME = "$(TARGET_NAME)";
				TEST_HOST = "$(BUILT_PRODUCTS_DIR)/HelloWorld4.app/HelloWorld4";
			};
			name = Release;
		};
/* End XCBuildConfiguration section */

/* Begin XCConfigurationList section */
		972E0E5B19ED5A2D003A39C6 /* Build configuration list for PBXProject "HelloWorld4" */ = {
			isa = XCConfigurationList;
			buildConfigurations = (
				972E0E7E19ED5A2D003A39C6 /* Debug */,
				972E0E7F19ED5A2D003A39C6 /* Release */,
			);
			defaultConfigurationIsVisible = 0;
			defaultConfigurationName = Release;
		};
		972E0E8019ED5A2D003A39C6 /* Build configuration list for PBXNativeTarget "HelloWorld4" */ = {
			isa = XCConfigurationList;
			buildConfigurations = (
				972E0E8119ED5A2D003A39C6 /* Debug */,
				972E0E8219ED5A2D003A39C6 /* Release */,
			);
			defaultConfigurationIsVisible = 0;
			defaultConfigurationName = Release;
		};
		972E0E8319ED5A2D003A39C6 /* Build configuration list for PBXNativeTarget "HelloWorld4Tests" */ = {
			isa = XCConfigurationList;
			buildConfigurations = (
				972E0E8419ED5A2D003A39C6 /* Debug */,
				972E0E8519ED5A2D003A39C6 /* Release */,
			);
			defaultConfigurationIsVisible = 0;
			defaultConfigurationName = Release;
		};
/* End XCConfigurationList section */
	};
	rootObject = 972E0E5819ED5A2D003A39C6 /* Project object */;
}
